
Microsoft Visual Studio Solution File, Format Version 12.00
# Visual Studio Version 17
VisualStudioVersion = 17.9.34902.65
MinimumVisualStudioVersion = 10.0.40219.1
Project("{888888A0-9F3D-457C-B088-3A5042F75D52}") = "trading_screener_project", "trading_srceener_project\trading_screener_project.pyproj", "{A684F86D-4E96-45CD-8912-E8D8A437EBC9}"
EndProject
Global
	GlobalSection(SolutionConfigurationPlatforms) = preSolution
		Debug|Any CPU = Debug|Any CPU
		Release|Any CPU = Release|Any CPU
	EndGlobalSection
	GlobalSection(ProjectConfigurationPlatforms) = postSolution
		{A684F86D-4E96-45CD-8912-E8D8A437EBC9}.Debug|Any CPU.ActiveCfg = Debug|Any CPU
		{A684F86D-4E96-45CD-8912-E8D8A437EBC9}.Release|Any CPU.ActiveCfg = Release|Any CPU
	EndGlobalSection
	GlobalSection(SolutionProperties) = preSolution
		HideSolutionNode = FALSE
	EndGlobalSection
	GlobalSection(ExtensibilityGlobals) = postSolution
		SolutionGuid = {0DC0319A-4782-407B-B168-5508CBC69492}
	EndGlobalSection
EndGlobal
